
Microsoft Visual Studio Solution File, Format Version 12.00
# Visual Studio Version 17
VisualStudioVersion = 17.2.32616.157
MinimumVisualStudioVersion = 10.0.40219.1
Project("{FAE04EC0-301F-11D3-BF4B-00C04F79EFBC}") = "SearchWikipedia", "SearchWikipedia\SearchWikipedia.csproj", "{7D35920B-C869-4E40-AE27-16F9250C8993}"
EndProject
Global
	GlobalSection(SolutionConfigurationPlatforms) = preSolution
		Debug|Any CPU = Debug|Any CPU
		Release|Any CPU = Release|Any CPU
	EndGlobalSection
	GlobalSection(ProjectConfigurationPlatforms) = postSolution
		{7D35920B-C869-4E40-AE27-16F9250C8993}.Debug|Any CPU.ActiveCfg = Debug|Any CPU
		{7D35920B-C869-4E40-AE27-16F9250C8993}.Debug|Any CPU.Build.0 = Debug|Any CPU
		{7D35920B-C869-4E40-AE27-16F9250C8993}.Release|Any CPU.ActiveCfg = Release|Any CPU
		{7D35920B-C869-4E40-AE27-16F9250C8993}.Release|Any CPU.Build.0 = Release|Any CPU
	EndGlobalSection
	GlobalSection(SolutionProperties) = preSolution
		HideSolutionNode = FALSE
	EndGlobalSection
	GlobalSection(ExtensibilityGlobals) = postSolution
		SolutionGuid = {5DBD368E-78BA-4555-91EB-90B15BC68069}
	EndGlobalSection
EndGlobal
